
Microsoft Visual Studio Solution File, Format Version 12.00
# Visual Studio Version 16
VisualStudioVersion = 16.0.32126.315
MinimumVisualStudioVersion = 10.0.40219.1
Project("{FAE04EC0-301F-11D3-BF4B-00C04F79EFBC}") = "Book-Task", "Book-Task\Book-Task.csproj", "{2017266B-22B6-42DA-8667-C72A48EBB8E9}"
EndProject
Global
	GlobalSection(SolutionConfigurationPlatforms) = preSolution
		Debug|Any CPU = Debug|Any CPU
		Release|Any CPU = Release|Any CPU
	EndGlobalSection
	GlobalSection(ProjectConfigurationPlatforms) = postSolution
		{2017266B-22B6-42DA-8667-C72A48EBB8E9}.Debug|Any CPU.ActiveCfg = Debug|Any CPU
		{2017266B-22B6-42DA-8667-C72A48EBB8E9}.Debug|Any CPU.Build.0 = Debug|Any CPU
		{2017266B-22B6-42DA-8667-C72A48EBB8E9}.Release|Any CPU.ActiveCfg = Release|Any CPU
		{2017266B-22B6-42DA-8667-C72A48EBB8E9}.Release|Any CPU.Build.0 = Release|Any CPU
	EndGlobalSection
	GlobalSection(SolutionProperties) = preSolution
		HideSolutionNode = FALSE
	EndGlobalSection
	GlobalSection(ExtensibilityGlobals) = postSolution
		SolutionGuid = {DAD0F91B-3576-40A9-8B4F-43F2F6ADA935}
	EndGlobalSection
EndGlobal
